
Microsoft Visual Studio Solution File, Format Version 12.00
# Visual Studio 15
VisualStudioVersion = 15.0.27703.2035
MinimumVisualStudioVersion = 10.0.40219.1
Project("{FAE04EC0-301F-11D3-BF4B-00C04F79EFBC}") = "net14XamarinCss.Android", "net14XamarinCss\net14XamarinCss.Android\net14XamarinCss.Android.csproj", "{7DC9C479-E15D-4DF2-A035-94DBB596D7E9}"
EndProject
Project("{FAE04EC0-301F-11D3-BF4B-00C04F79EFBC}") = "net14XamarinCss.iOS", "net14XamarinCss\net14XamarinCss.iOS\net14XamarinCss.iOS.csproj", "{C6969898-2256-493B-9F4B-4A64F94ADEFB}"
EndProject
Project("{FAE04EC0-301F-11D3-BF4B-00C04F79EFBC}") = "net14XamarinCss", "net14XamarinCss\net14XamarinCss\net14XamarinCss.csproj", "{ECE078E1-7C22-4B15-A665-B1F7AB7B42EE}"
EndProject
Global
	GlobalSection(SolutionConfigurationPlatforms) = preSolution
		Ad-Hoc|Any CPU = Ad-Hoc|Any CPU
		Ad-Hoc|iPhone = Ad-Hoc|iPhone
		Ad-Hoc|iPhoneSimulator = Ad-Hoc|iPhoneSimulator
		AppStore|Any CPU = AppStore|Any CPU
		AppStore|iPhone = AppStore|iPhone
		AppStore|iPhoneSimulator = AppStore|iPhoneSimulator
		Debug|Any CPU = Debug|Any CPU
		Debug|iPhone = Debug|iPhone
		Debug|iPhoneSimulator = Debug|iPhoneSimulator
		Release|Any CPU = Release|Any CPU
		Release|iPhone = Release|iPhone
		Release|iPhoneSimulator = Release|iPhoneSimulator
	EndGlobalSection
	GlobalSection(ProjectConfigurationPlatforms) = postSolution
		{7DC9C479-E15D-4DF2-A035-94DBB596D7E9}.Ad-Hoc|Any CPU.ActiveCfg = Release|Any CPU
		{7DC9C479-E15D-4DF2-A035-94DBB596D7E9}.Ad-Hoc|Any CPU.Build.0 = Release|Any CPU
		{7DC9C479-E15D-4DF2-A035-94DBB596D7E9}.Ad-Hoc|Any CPU.Deploy.0 = Release|Any CPU
		{7DC9C479-E15D-4DF2-A035-94DBB596D7E9}.Ad-Hoc|iPhone.ActiveCfg = Release|Any CPU
		{7DC9C479-E15D-4DF2-A035-94DBB596D7E9}.Ad-Hoc|iPhone.Build.0 = Release|Any CPU
		{7DC9C479-E15D-4DF2-A035-94DBB596D7E9}.Ad-Hoc|iPhone.Deploy.0 = Release|Any CPU
		{7DC9C479-E15D-4DF2-A035-94DBB596D7E9}.Ad-Hoc|iPhoneSimulator.ActiveCfg = Release|Any CPU
		{7DC9C479-E15D-4DF2-A035-94DBB596D7E9}.Ad-Hoc|iPhoneSimulator.Build.0 = Release|Any CPU
		{7DC9C479-E15D-4DF2-A035-94DBB596D7E9}.Ad-Hoc|iPhoneSimulator.Deploy.0 = Release|Any CPU
		{7DC9C479-E15D-4DF2-A035-94DBB596D7E9}.AppStore|Any CPU.ActiveCfg = Release|Any CPU
		{7DC9C479-E15D-4DF2-A035-94DBB596D7E9}.AppStore|Any CPU.Build.0 = Release|Any CPU
		{7DC9C479-E15D-4DF2-A035-94DBB596D7E9}.AppStore|Any CPU.Deploy.0 = Release|Any CPU
		{7DC9C479-E15D-4DF2-A035-94DBB596D7E9}.AppStore|iPhone.ActiveCfg = Release|Any CPU
		{7DC9C479-E15D-4DF2-A035-94DBB596D7E9}.AppStore|iPhone.Build.0 = Release|Any CPU
		{7DC9C479-E15D-4DF2-A035-94DBB596D7E9}.AppStore|iPhone.Deploy.0 = Release|Any CPU
		{7DC9C479-E15D-4DF2-A035-94DBB596D7E9}.AppStore|iPhoneSimulator.ActiveCfg = Release|Any CPU
		{7DC9C479-E15D-4DF2-A035-94DBB596D7E9}.AppStore|iPhoneSimulator.Build.0 = Release|Any CPU
		{7DC9C479-E15D-4DF2-A035-94DBB596D7E9}.AppStore|iPhoneSimulator.Deploy.0 = Release|Any CPU
		{7DC9C479-E15D-4DF2-A035-94DBB596D7E9}.Debug|Any CPU.ActiveCfg = Debug|Any CPU
		{7DC9C479-E15D-4DF2-A035-94DBB596D7E9}.Debug|Any CPU.Build.0 = Debug|Any CPU
		{7DC9C479-E15D-4DF2-A035-94DBB596D7E9}.Debug|Any CPU.Deploy.0 = Debug|Any CPU
		{7DC9C479-E15D-4DF2-A035-94DBB596D7E9}.Debug|iPhone.ActiveCfg = Debug|Any CPU
		{7DC9C479-E15D-4DF2-A035-94DBB596D7E9}.Debug|iPhone.Build.0 = Debug|Any CPU
		{7DC9C479-E15D-4DF2-A035-94DBB596D7E9}.Debug|iPhone.Deploy.0 = Debug|Any CPU
		{7DC9C479-E15D-4DF2-A035-94DBB596D7E9}.Debug|iPhoneSimulator.ActiveCfg = Debug|Any CPU
		{7DC9C479-E15D-4DF2-A035-94DBB596D7E9}.Debug|iPhoneSimulator.Build.0 = Debug|Any CPU
		{7DC9C479-E15D-4DF2-A035-94DBB596D7E9}.Debug|iPhoneSimulator.Deploy.0 = Debug|Any CPU
		{7DC9C479-E15D-4DF2-A035-94DBB596D7E9}.Release|Any CPU.ActiveCfg = Release|Any CPU
		{7DC9C479-E15D-4DF2-A035-94DBB596D7E9}.Release|Any CPU.Build.0 = Release|Any CPU
		{7DC9C479-E15D-4DF2-A035-94DBB596D7E9}.Release|Any CPU.Deploy.0 = Release|Any CPU
		{7DC9C479-E15D-4DF2-A035-94DBB596D7E9}.Release|iPhone.ActiveCfg = Release|Any CPU
		{7DC9C479-E15D-4DF2-A035-94DBB596D7E9}.Release|iPhone.Build.0 = Release|Any CPU
		{7DC9C479-E15D-4DF2-A035-94DBB596D7E9}.Release|iPhone.Deploy.0 = Release|Any CPU
		{7DC9C479-E15D-4DF2-A035-94DBB596D7E9}.Release|iPhoneSimulator.ActiveCfg = Release|Any CPU
		{7DC9C479-E15D-4DF2-A035-94DBB596D7E9}.Release|iPhoneSimulator.Build.0 = Release|Any CPU
		{7DC9C479-E15D-4DF2-A035-94DBB596D7E9}.Release|iPhoneSimulator.Deploy.0 = Release|Any CPU
		{C6969898-2256-493B-9F4B-4A64F94ADEFB}.Ad-Hoc|Any CPU.ActiveCfg = Ad-Hoc|iPhone
		{C6969898-2256-493B-9F4B-4A64F94ADEFB}.Ad-Hoc|Any CPU.Build.0 = Ad-Hoc|iPhone
		{C6969898-2256-493B-9F4B-4A64F94ADEFB}.Ad-Hoc|Any CPU.Deploy.0 = Ad-Hoc|iPhone
		{C6969898-2256-493B-9F4B-4A64F94ADEFB}.Ad-Hoc|iPhone.ActiveCfg = Ad-Hoc|iPhone
		{C6969898-2256-493B-9F4B-4A64F94ADEFB}.Ad-Hoc|iPhone.Build.0 = Ad-Hoc|iPhone
		{C6969898-2256-493B-9F4B-4A64F94ADEFB}.Ad-Hoc|iPhone.Deploy.0 = Ad-Hoc|iPhone
		{C6969898-2256-493B-9F4B-4A64F94ADEFB}.Ad-Hoc|iPhoneSimulator.ActiveCfg = Ad-Hoc|iPhoneSimulator
		{C6969898-2256-493B-9F4B-4A64F94ADEFB}.Ad-Hoc|iPhoneSimulator.Build.0 = Ad-Hoc|iPhoneSimulator
		{C6969898-2256-493B-9F4B-4A64F94ADEFB}.Ad-Hoc|iPhoneSimulator.Deploy.0 = Ad-Hoc|iPhoneSimulator
		{C6969898-2256-493B-9F4B-4A64F94ADEFB}.AppStore|Any CPU.ActiveCfg = AppStore|iPhone
		{C6969898-2256-493B-9F4B-4A64F94ADEFB}.AppStore|Any CPU.Build.0 = AppStore|iPhone
		{C6969898-2256-493B-9F4B-4A64F94ADEFB}.AppStore|Any CPU.Deploy.0 = AppStore|iPhone
		{C6969898-2256-493B-9F4B-4A64F94ADEFB}.AppStore|iPhone.ActiveCfg = AppStore|iPhone
		{C6969898-2256-493B-9F4B-4A64F94ADEFB}.AppStore|iPhone.Build.0 = AppStore|iPhone
		{C6969898-2256-493B-9F4B-4A64F94ADEFB}.AppStore|iPhone.Deploy.0 = AppStore|iPhone
		{C6969898-2256-493B-9F4B-4A64F94ADEFB}.AppStore|iPhoneSimulator.ActiveCfg = AppStore|iPhoneSimulator
		{C6969898-2256-493B-9F4B-4A64F94ADEFB}.AppStore|iPhoneSimulator.Build.0 = AppStore|iPhoneSimulator
		{C6969898-2256-493B-9F4B-4A64F94ADEFB}.AppStore|iPhoneSimulator.Deploy.0 = AppStore|iPhoneSimulator
		{C6969898-2256-493B-9F4B-4A64F94ADEFB}.Debug|Any CPU.ActiveCfg = Debug|iPhoneSimulator
		{C6969898-2256-493B-9F4B-4A64F94ADEFB}.Debug|Any CPU.Build.0 = Debug|iPhoneSimulator
		{C6969898-2256-493B-9F4B-4A64F94ADEFB}.Debug|Any CPU.Deploy.0 = Debug|iPhoneSimulator
		{C6969898-2256-493B-9F4B-4A64F94ADEFB}.Debug|iPhone.ActiveCfg = Debug|iPhone
		{C6969898-2256-493B-9F4B-4A64F94ADEFB}.Debug|iPhone.Build.0 = Debug|iPhone
		{C6969898-2256-493B-9F4B-4A64F94ADEFB}.Debug|iPhone.Deploy.0 = Debug|iPhone
		{C6969898-2256-493B-9F4B-4A64F94ADEFB}.Debug|iPhoneSimulator.ActiveCfg = Debug|iPhoneSimulator
		{C6969898-2256-493B-9F4B-4A64F94ADEFB}.Debug|iPhoneSimulator.Build.0 = Debug|iPhoneSimulator
		{C6969898-2256-493B-9F4B-4A64F94ADEFB}.Debug|iPhoneSimulator.Deploy.0 = Debug|iPhoneSimulator
		{C6969898-2256-493B-9F4B-4A64F94ADEFB}.Release|Any CPU.ActiveCfg = Release|iPhone
		{C6969898-2256-493B-9F4B-4A64F94ADEFB}.Release|Any CPU.Build.0 = Release|iPhone
		{C6969898-2256-493B-9F4B-4A64F94ADEFB}.Release|Any CPU.Deploy.0 = Release|iPhone
		{C6969898-2256-493B-9F4B-4A64F94ADEFB}.Release|iPhone.ActiveCfg = Release|iPhone
		{C6969898-2256-493B-9F4B-4A64F94ADEFB}.Release|iPhone.Build.0 = Release|iPhone
		{C6969898-2256-493B-9F4B-4A64F94ADEFB}.Release|iPhone.Deploy.0 = Release|iPhone
		{C6969898-2256-493B-9F4B-4A64F94ADEFB}.Release|iPhoneSimulator.ActiveCfg = Release|iPhoneSimulator
		{C6969898-2256-493B-9F4B-4A64F94ADEFB}.Release|iPhoneSimulator.Build.0 = Release|iPhoneSimulator
		{C6969898-2256-493B-9F4B-4A64F94ADEFB}.Release|iPhoneSimulator.Deploy.0 = Release|iPhoneSimulator
		{ECE078E1-7C22-4B15-A665-B1F7AB7B42EE}.Ad-Hoc|Any CPU.ActiveCfg = Debug|Any CPU
		{ECE078E1-7C22-4B15-A665-B1F7AB7B42EE}.Ad-Hoc|Any CPU.Build.0 = Debug|Any CPU
		{ECE078E1-7C22-4B15-A665-B1F7AB7B42EE}.Ad-Hoc|Any CPU.Deploy.0 = Debug|Any CPU
		{ECE078E1-7C22-4B15-A665-B1F7AB7B42EE}.Ad-Hoc|iPhone.ActiveCfg = Debug|Any CPU
		{ECE078E1-7C22-4B15-A665-B1F7AB7B42EE}.Ad-Hoc|iPhone.Build.0 = Debug|Any CPU
		{ECE078E1-7C22-4B15-A665-B1F7AB7B42EE}.Ad-Hoc|iPhone.Deploy.0 = Debug|Any CPU
		{ECE078E1-7C22-4B15-A665-B1F7AB7B42EE}.Ad-Hoc|iPhoneSimulator.ActiveCfg = Debug|Any CPU
		{ECE078E1-7C22-4B15-A665-B1F7AB7B42EE}.Ad-Hoc|iPhoneSimulator.Build.0 = Debug|Any CPU
		{ECE078E1-7C22-4B15-A665-B1F7AB7B42EE}.Ad-Hoc|iPhoneSimulator.Deploy.0 = Debug|Any CPU
		{ECE078E1-7C22-4B15-A665-B1F7AB7B42EE}.AppStore|Any CPU.ActiveCfg = Debug|Any CPU
		{ECE078E1-7C22-4B15-A665-B1F7AB7B42EE}.AppStore|Any CPU.Build.0 = Debug|Any CPU
		{ECE078E1-7C22-4B15-A665-B1F7AB7B42EE}.AppStore|Any CPU.Deploy.0 = Debug|Any CPU
		{ECE078E1-7C22-4B15-A665-B1F7AB7B42EE}.AppStore|iPhone.ActiveCfg = Debug|Any CPU
		{ECE078E1-7C22-4B15-A665-B1F7AB7B42EE}.AppStore|iPhone.Build.0 = Debug|Any CPU
		{ECE078E1-7C22-4B15-A665-B1F7AB7B42EE}.AppStore|iPhone.Deploy.0 = Debug|Any CPU
		{ECE078E1-7C22-4B15-A665-B1F7AB7B42EE}.AppStore|iPhoneSimulator.ActiveCfg = Debug|Any CPU
		{ECE078E1-7C22-4B15-A665-B1F7AB7B42EE}.AppStore|iPhoneSimulator.Build.0 = Debug|Any CPU
		{ECE078E1-7C22-4B15-A665-B1F7AB7B42EE}.AppStore|iPhoneSimulator.Deploy.0 = Debug|Any CPU
		{ECE078E1-7C22-4B15-A665-B1F7AB7B42EE}.Debug|Any CPU.ActiveCfg = Debug|Any CPU
		{ECE078E1-7C22-4B15-A665-B1F7AB7B42EE}.Debug|Any CPU.Build.0 = Debug|Any CPU
		{ECE078E1-7C22-4B15-A665-B1F7AB7B42EE}.Debug|Any CPU.Deploy.0 = Debug|Any CPU
		{ECE078E1-7C22-4B15-A665-B1F7AB7B42EE}.Debug|iPhone.ActiveCfg = Debug|Any CPU
		{ECE078E1-7C22-4B15-A665-B1F7AB7B42EE}.Debug|iPhone.Build.0 = Debug|Any CPU
		{ECE078E1-7C22-4B15-A665-B1F7AB7B42EE}.Debug|iPhone.Deploy.0 = Debug|Any CPU
		{ECE078E1-7C22-4B15-A665-B1F7AB7B42EE}.Debug|iPhoneSimulator.ActiveCfg = Debug|Any CPU
		{ECE078E1-7C22-4B15-A665-B1F7AB7B42EE}.Debug|iPhoneSimulator.Build.0 = Debug|Any CPU
		{ECE078E1-7C22-4B15-A665-B1F7AB7B42EE}.Debug|iPhoneSimulator.Deploy.0 = Debug|Any CPU
		{ECE078E1-7C22-4B15-A665-B1F7AB7B42EE}.Release|Any CPU.ActiveCfg = Release|Any CPU
		{ECE078E1-7C22-4B15-A665-B1F7AB7B42EE}.Release|Any CPU.Build.0 = Release|Any CPU
		{ECE078E1-7C22-4B15-A665-B1F7AB7B42EE}.Release|Any CPU.Deploy.0 = Release|Any CPU
		{ECE078E1-7C22-4B15-A665-B1F7AB7B42EE}.Release|iPhone.ActiveCfg = Release|Any CPU
		{ECE078E1-7C22-4B15-A665-B1F7AB7B42EE}.Release|iPhone.Build.0 = Release|Any CPU
		{ECE078E1-7C22-4B15-A665-B1F7AB7B42EE}.Release|iPhone.Deploy.0 = Release|Any CPU
		{ECE078E1-7C22-4B15-A665-B1F7AB7B42EE}.Release|iPhoneSimulator.ActiveCfg = Release|Any CPU
		{ECE078E1-7C22-4B15-A665-B1F7AB7B42EE}.Release|iPhoneSimulator.Build.0 = Release|Any CPU
		{ECE078E1-7C22-4B15-A665-B1F7AB7B42EE}.Release|iPhoneSimulator.Deploy.0 = Release|Any CPU
	EndGlobalSection
	GlobalSection(SolutionProperties) = preSolution
		HideSolutionNode = FALSE
	EndGlobalSection
	GlobalSection(ExtensibilityGlobals) = postSolution
		SolutionGuid = {65FD837B-1CD1-4620-8E16-AC7A25B1C6AA}
	EndGlobalSection
EndGlobal
